
Microsoft Visual Studio Solution File, Format Version 12.00
# Visual Studio Version 16
VisualStudioVersion = 16.0.31025.194
MinimumVisualStudioVersion = 10.0.40219.1
Project("{FAE04EC0-301F-11D3-BF4B-00C04F79EFBC}") = "SharkTracker.WebMVC", "SharkTracker.WebMVC\SharkTracker.WebMVC.csproj", "{C0F68F98-FB38-4EC5-BEB4-F78B49FC48B6}"
EndProject
Project("{FAE04EC0-301F-11D3-BF4B-00C04F79EFBC}") = "SharkTracker.Data", "SharkTracker.Data\SharkTracker.Data.csproj", "{F28A3349-A63C-487A-8F93-A9A0EEEB5911}"
EndProject
Project("{FAE04EC0-301F-11D3-BF4B-00C04F79EFBC}") = "SharkTracker.Models", "SharkTracker.Models\SharkTracker.Models.csproj", "{46BDE15F-1325-4DF6-96BC-ABA3ECAABCA9}"
EndProject
Project("{FAE04EC0-301F-11D3-BF4B-00C04F79EFBC}") = "SharkTracker.Services", "SharkTracker.Services\SharkTracker.Services.csproj", "{EE7B7250-B703-491C-AED6-15B002E9BDB7}"
EndProject
Project("{FAE04EC0-301F-11D3-BF4B-00C04F79EFBC}") = "SharkTracker.Tests", "SharkTracker.Tests\SharkTracker.Tests.csproj", "{6E557ED2-D193-42C6-A574-D1EA7BBCA5BD}"
EndProject
Global
	GlobalSection(SolutionConfigurationPlatforms) = preSolution
		Debug|Any CPU = Debug|Any CPU
		Release|Any CPU = Release|Any CPU
	EndGlobalSection
	GlobalSection(ProjectConfigurationPlatforms) = postSolution
		{C0F68F98-FB38-4EC5-BEB4-F78B49FC48B6}.Debug|Any CPU.ActiveCfg = Debug|Any CPU
		{C0F68F98-FB38-4EC5-BEB4-F78B49FC48B6}.Debug|Any CPU.Build.0 = Debug|Any CPU
		{C0F68F98-FB38-4EC5-BEB4-F78B49FC48B6}.Release|Any CPU.ActiveCfg = Release|Any CPU
		{C0F68F98-FB38-4EC5-BEB4-F78B49FC48B6}.Release|Any CPU.Build.0 = Release|Any CPU
		{F28A3349-A63C-487A-8F93-A9A0EEEB5911}.Debug|Any CPU.ActiveCfg = Debug|Any CPU
		{F28A3349-A63C-487A-8F93-A9A0EEEB5911}.Debug|Any CPU.Build.0 = Debug|Any CPU
		{F28A3349-A63C-487A-8F93-A9A0EEEB5911}.Release|Any CPU.ActiveCfg = Release|Any CPU
		{F28A3349-A63C-487A-8F93-A9A0EEEB5911}.Release|Any CPU.Build.0 = Release|Any CPU
		{46BDE15F-1325-4DF6-96BC-ABA3ECAABCA9}.Debug|Any CPU.ActiveCfg = Debug|Any CPU
		{46BDE15F-1325-4DF6-96BC-ABA3ECAABCA9}.Debug|Any CPU.Build.0 = Debug|Any CPU
		{46BDE15F-1325-4DF6-96BC-ABA3ECAABCA9}.Release|Any CPU.ActiveCfg = Release|Any CPU
		{46BDE15F-1325-4DF6-96BC-ABA3ECAABCA9}.Release|Any CPU.Build.0 = Release|Any CPU
		{EE7B7250-B703-491C-AED6-15B002E9BDB7}.Debug|Any CPU.ActiveCfg = Debug|Any CPU
		{EE7B7250-B703-491C-AED6-15B002E9BDB7}.Debug|Any CPU.Build.0 = Debug|Any CPU
		{EE7B7250-B703-491C-AED6-15B002E9BDB7}.Release|Any CPU.ActiveCfg = Release|Any CPU
		{EE7B7250-B703-491C-AED6-15B002E9BDB7}.Release|Any CPU.Build.0 = Release|Any CPU
		{6E557ED2-D193-42C6-A574-D1EA7BBCA5BD}.Debug|Any CPU.ActiveCfg = Debug|Any CPU
		{6E557ED2-D193-42C6-A574-D1EA7BBCA5BD}.Debug|Any CPU.Build.0 = Debug|Any CPU
		{6E557ED2-D193-42C6-A574-D1EA7BBCA5BD}.Release|Any CPU.ActiveCfg = Release|Any CPU
		{6E557ED2-D193-42C6-A574-D1EA7BBCA5BD}.Release|Any CPU.Build.0 = Release|Any CPU
	EndGlobalSection
	GlobalSection(SolutionProperties) = preSolution
		HideSolutionNode = FALSE
	EndGlobalSection
	GlobalSection(ExtensibilityGlobals) = postSolution
		SolutionGuid = {0AE9B628-8A50-43C2-8563-861E6480BEC7}
	EndGlobalSection
EndGlobal
